
Microsoft Visual Studio Solution File, Format Version 12.00
# Visual Studio 15
VisualStudioVersion = 15.0.28307.539
MinimumVisualStudioVersion = 10.0.40219.1
Project("{FAE04EC0-301F-11D3-BF4B-00C04F79EFBC}") = "Lesson-4", "Lesson-4\Lesson-4.csproj", "{F170D027-2926-40F7-9294-6EC2FD2224B4}"
EndProject
Project("{FAE04EC0-301F-11D3-BF4B-00C04F79EFBC}") = "Task2", "Task2\Task2.csproj", "{1FE02A2F-D558-4CFD-8E15-2DD8F25319E3}"
EndProject
Project("{FAE04EC0-301F-11D3-BF4B-00C04F79EFBC}") = "Task3", "Task3\Task3.csproj", "{483CE19B-AD4E-4FFB-A560-48FC5319C7ED}"
EndProject
Project("{FAE04EC0-301F-11D3-BF4B-00C04F79EFBC}") = "Task4", "Task4\Task4.csproj", "{7B185BE1-8C1D-4793-BC4A-58A47A8096FB}"
EndProject
Project("{FAE04EC0-301F-11D3-BF4B-00C04F79EFBC}") = "MyLibrary1", "MyLibrary1\MyLibrary1.csproj", "{BBDFC518-03CA-4DED-B6CA-1F0D9D38AF05}"
EndProject
Global
	GlobalSection(SolutionConfigurationPlatforms) = preSolution
		Debug|Any CPU = Debug|Any CPU
		Release|Any CPU = Release|Any CPU
	EndGlobalSection
	GlobalSection(ProjectConfigurationPlatforms) = postSolution
		{F170D027-2926-40F7-9294-6EC2FD2224B4}.Debug|Any CPU.ActiveCfg = Debug|Any CPU
		{F170D027-2926-40F7-9294-6EC2FD2224B4}.Debug|Any CPU.Build.0 = Debug|Any CPU
		{F170D027-2926-40F7-9294-6EC2FD2224B4}.Release|Any CPU.ActiveCfg = Release|Any CPU
		{F170D027-2926-40F7-9294-6EC2FD2224B4}.Release|Any CPU.Build.0 = Release|Any CPU
		{1FE02A2F-D558-4CFD-8E15-2DD8F25319E3}.Debug|Any CPU.ActiveCfg = Debug|Any CPU
		{1FE02A2F-D558-4CFD-8E15-2DD8F25319E3}.Debug|Any CPU.Build.0 = Debug|Any CPU
		{1FE02A2F-D558-4CFD-8E15-2DD8F25319E3}.Release|Any CPU.ActiveCfg = Release|Any CPU
		{1FE02A2F-D558-4CFD-8E15-2DD8F25319E3}.Release|Any CPU.Build.0 = Release|Any CPU
		{483CE19B-AD4E-4FFB-A560-48FC5319C7ED}.Debug|Any CPU.ActiveCfg = Debug|Any CPU
		{483CE19B-AD4E-4FFB-A560-48FC5319C7ED}.Debug|Any CPU.Build.0 = Debug|Any CPU
		{483CE19B-AD4E-4FFB-A560-48FC5319C7ED}.Release|Any CPU.ActiveCfg = Release|Any CPU
		{483CE19B-AD4E-4FFB-A560-48FC5319C7ED}.Release|Any CPU.Build.0 = Release|Any CPU
		{7B185BE1-8C1D-4793-BC4A-58A47A8096FB}.Debug|Any CPU.ActiveCfg = Debug|Any CPU
		{7B185BE1-8C1D-4793-BC4A-58A47A8096FB}.Debug|Any CPU.Build.0 = Debug|Any CPU
		{7B185BE1-8C1D-4793-BC4A-58A47A8096FB}.Release|Any CPU.ActiveCfg = Release|Any CPU
		{7B185BE1-8C1D-4793-BC4A-58A47A8096FB}.Release|Any CPU.Build.0 = Release|Any CPU
		{BBDFC518-03CA-4DED-B6CA-1F0D9D38AF05}.Debug|Any CPU.ActiveCfg = Debug|Any CPU
		{BBDFC518-03CA-4DED-B6CA-1F0D9D38AF05}.Debug|Any CPU.Build.0 = Debug|Any CPU
		{BBDFC518-03CA-4DED-B6CA-1F0D9D38AF05}.Release|Any CPU.ActiveCfg = Release|Any CPU
		{BBDFC518-03CA-4DED-B6CA-1F0D9D38AF05}.Release|Any CPU.Build.0 = Release|Any CPU
	EndGlobalSection
	GlobalSection(SolutionProperties) = preSolution
		HideSolutionNode = FALSE
	EndGlobalSection
	GlobalSection(ExtensibilityGlobals) = postSolution
		SolutionGuid = {DCDA146F-3195-48C8-8EE9-B5688948E0A1}
	EndGlobalSection
EndGlobal
