
Microsoft Visual Studio Solution File, Format Version 12.00
# Visual Studio 15
VisualStudioVersion = 15.0.28307.489
MinimumVisualStudioVersion = 10.0.40219.1
Project("{FAE04EC0-301F-11D3-BF4B-00C04F79EFBC}") = "1", "Task1\1.csproj", "{0EA73602-923A-4BE3-B421-55CE9610C1C6}"
EndProject
Project("{FAE04EC0-301F-11D3-BF4B-00C04F79EFBC}") = "2", "2\2.csproj", "{189903F9-AED1-4F1E-B31A-F58353694445}"
EndProject
Project("{FAE04EC0-301F-11D3-BF4B-00C04F79EFBC}") = "3", "3\3.csproj", "{43C98458-B5D8-4ADC-AB2A-CB25993A7B02}"
EndProject
Project("{FAE04EC0-301F-11D3-BF4B-00C04F79EFBC}") = "4", "4\4.csproj", "{90D78F42-9BD0-477E-A591-4AA2E0B38AB1}"
EndProject
Global
	GlobalSection(SolutionConfigurationPlatforms) = preSolution
		Debug|Any CPU = Debug|Any CPU
		Release|Any CPU = Release|Any CPU
	EndGlobalSection
	GlobalSection(ProjectConfigurationPlatforms) = postSolution
		{0EA73602-923A-4BE3-B421-55CE9610C1C6}.Debug|Any CPU.ActiveCfg = Debug|Any CPU
		{0EA73602-923A-4BE3-B421-55CE9610C1C6}.Debug|Any CPU.Build.0 = Debug|Any CPU
		{0EA73602-923A-4BE3-B421-55CE9610C1C6}.Release|Any CPU.ActiveCfg = Release|Any CPU
		{0EA73602-923A-4BE3-B421-55CE9610C1C6}.Release|Any CPU.Build.0 = Release|Any CPU
		{189903F9-AED1-4F1E-B31A-F58353694445}.Debug|Any CPU.ActiveCfg = Debug|Any CPU
		{189903F9-AED1-4F1E-B31A-F58353694445}.Debug|Any CPU.Build.0 = Debug|Any CPU
		{189903F9-AED1-4F1E-B31A-F58353694445}.Release|Any CPU.ActiveCfg = Release|Any CPU
		{189903F9-AED1-4F1E-B31A-F58353694445}.Release|Any CPU.Build.0 = Release|Any CPU
		{43C98458-B5D8-4ADC-AB2A-CB25993A7B02}.Debug|Any CPU.ActiveCfg = Debug|Any CPU
		{43C98458-B5D8-4ADC-AB2A-CB25993A7B02}.Debug|Any CPU.Build.0 = Debug|Any CPU
		{43C98458-B5D8-4ADC-AB2A-CB25993A7B02}.Release|Any CPU.ActiveCfg = Release|Any CPU
		{43C98458-B5D8-4ADC-AB2A-CB25993A7B02}.Release|Any CPU.Build.0 = Release|Any CPU
		{90D78F42-9BD0-477E-A591-4AA2E0B38AB1}.Debug|Any CPU.ActiveCfg = Debug|Any CPU
		{90D78F42-9BD0-477E-A591-4AA2E0B38AB1}.Debug|Any CPU.Build.0 = Debug|Any CPU
		{90D78F42-9BD0-477E-A591-4AA2E0B38AB1}.Release|Any CPU.ActiveCfg = Release|Any CPU
		{90D78F42-9BD0-477E-A591-4AA2E0B38AB1}.Release|Any CPU.Build.0 = Release|Any CPU
	EndGlobalSection
	GlobalSection(SolutionProperties) = preSolution
		HideSolutionNode = FALSE
	EndGlobalSection
	GlobalSection(ExtensibilityGlobals) = postSolution
		SolutionGuid = {BBD5A5EF-401F-4F7E-BFC3-F1CB32E218A2}
	EndGlobalSection
EndGlobal
